// !$*UTF8*$!
{
	archiveVersion = 1;
	classes = {
	};
	objectVersion = 46;
	objects = {

/* Begin PBXBuildFile section */
		BB35B3591CDDF208003E6011 /* DeveloperViewViewController.swift in Sources */ = {isa = PBXBuildFile; fileRef = BB35B3581CDDF208003E6011 /* DeveloperViewViewController.swift */; };
		BB97CB631CD9052800D033DD /* AppDelegate.swift in Sources */ = {isa = PBXBuildFile; fileRef = BB97CB621CD9052800D033DD /* AppDelegate.swift */; };
		BB97CB651CD9052800D033DD /* ViewController.swift in Sources */ = {isa = PBXBuildFile; fileRef = BB97CB641CD9052800D033DD /* ViewController.swift */; };
		BB97CB681CD9052800D033DD /* Main.storyboard in Resources */ = {isa = PBXBuildFile; fileRef = BB97CB661CD9052800D033DD /* Main.storyboard */; };
		BB97CB6A1CD9052800D033DD /* Assets.xcassets in Resources */ = {isa = PBXBuildFile; fileRef = BB97CB691CD9052800D033DD /* Assets.xcassets */; };
		BB97CB6D1CD9052800D033DD /* LaunchScreen.storyboard in Resources */ = {isa = PBXBuildFile; fileRef = BB97CB6B1CD9052800D033DD /* LaunchScreen.storyboard */; };
/* End PBXBuildFile section */

/* Begin PBXFileReference section */
		BB35B3581CDDF208003E6011 /* DeveloperViewViewController.swift */ = {isa = PBXFileReference; fileEncoding = 4; lastKnownFileType = sourcecode.swift; path = DeveloperViewViewController.swift; sourceTree = "<group>"; };
		BB97CB5F1CD9052800D033DD /* Parking Memo.app */ = {isa = PBXFileReference; explicitFileType = wrapper.application; includeInIndex = 0; path = "Parking Memo.app"; sourceTree = BUILT_PRODUCTS_DIR; };
		BB97CB621CD9052800D033DD /* AppDelegate.swift */ = {isa = PBXFileReference; lastKnownFileType = sourcecode.swift; path = AppDelegate.swift; sourceTree = "<group>"; };
		BB97CB641CD9052800D033DD /* ViewController.swift */ = {isa = PBXFileReference; lastKnownFileType = sourcecode.swift; path = ViewController.swift; sourceTree = "<group>"; };
		BB97CB671CD9052800D033DD /* Base */ = {isa = PBXFileReference; lastKnownFileType = file.storyboard; name = Base; path = Base.lproj/Main.storyboard; sourceTree = "<group>"; };
		BB97CB691CD9052800D033DD /* Assets.xcassets */ = {isa = PBXFileReference; lastKnownFileType = folder.assetcatalog; path = Assets.xcassets; sourceTree = "<group>"; };
		BB97CB6C1CD9052800D033DD /* Base */ = {isa = PBXFileReference; lastKnownFileType = file.storyboard; name = Base; path = Base.lproj/LaunchScreen.storyboard; sourceTree = "<group>"; };
		BB97CB6E1CD9052800D033DD /* Info.plist */ = {isa = PBXFileReference; lastKnownFileType = text.plist.xml; path = Info.plist; sourceTree = "<group>"; };
/* End PBXFileReference section */

/* Begin PBXFrameworksBuildPhase section */
		BB97CB5C1CD9052800D033DD /* Frameworks */ = {
			isa = PBXFrameworksBuildPhase;
			buildActionMask = 2147483647;
			files = (
			);
			runOnlyForDeploymentPostprocessing = 0;
		};
/* End PBXFrameworksBuildPhase section */

/* Begin PBXGroup section */
		BB97CB561CD9052800D033DD = {
			isa = PBXGroup;
			children = (
				BB97CB611CD9052800D033DD /* Parking Memo */,
				BB97CB601CD9052800D033DD /* Products */,
			);
			sourceTree = "<group>";
		};
		BB97CB601CD9052800D033DD /* Products */ = {
			isa = PBXGroup;
			children = (
				BB97CB5F1CD9052800D033DD /* Parking Memo.app */,
			);
			name = Products;
			sourceTree = "<group>";
		};
		BB97CB611CD9052800D033DD /* Parking Memo */ = {
			isa = PBXGroup;
			children = (
				BB97CB621CD9052800D033DD /* AppDelegate.swift */,
				BB97CB641CD9052800D033DD /* ViewController.swift */,
				BB35B3581CDDF208003E6011 /* DeveloperViewViewController.swift */,
				BB97CB661CD9052800D033DD /* Main.storyboard */,
				BB97CB691CD9052800D033DD /* Assets.xcassets */,
				BB97CB6B1CD9052800D033DD /* LaunchScreen.storyboard */,
				BB97CB6E1CD9052800D033DD /* Info.plist */,
			);
			path = "Parking Memo";
			sourceTree = "<group>";
		};
/* End PBXGroup section */

/* Begin PBXNativeTarget section */
		BB97CB5E1CD9052800D033DD /* Parking Memo */ = {
			isa = PBXNativeTarget;
			buildConfigurationList = BB97CB711CD9052800D033DD /* Build configuration list for PBXNativeTarget "Parking Memo" */;
			buildPhases = (
				BB97CB5B1CD9052800D033DD /* Sources */,
				BB97CB5C1CD9052800D033DD /* Frameworks */,
				BB97CB5D1CD9052800D033DD /* Resources */,
			);
			buildRules = (
			);
			dependencies = (
			);
			name = "Parking Memo";
			productName = "Parking Memo";
			productReference = BB97CB5F1CD9052800D033DD /* Parking Memo.app */;
			productType = "com.apple.product-type.application";
		};
/* End PBXNativeTarget section */

/* Begin PBXProject section */
		BB97CB571CD9052800D033DD /* Project object */ = {
			isa = PBXProject;
			attributes = {
				LastSwiftUpdateCheck = 0730;
				LastUpgradeCheck = 0730;
				ORGANIZATIONNAME = "Alessio Moretti";
				TargetAttributes = {
					BB97CB5E1CD9052800D033DD = {
						CreatedOnToolsVersion = 7.3;
						DevelopmentTeam = DL29C5L9HS;
					};
				};
			};
			buildConfigurationList = BB97CB5A1CD9052800D033DD /* Build configuration list for PBXProject "Parking Memo" */;
			compatibilityVersion = "Xcode 3.2";
			developmentRegion = English;
			hasScannedForEncodings = 0;
			knownRegions = (
				en,
				Base,
			);
			mainGroup = BB97CB561CD9052800D033DD;
			productRefGroup = BB97CB601CD9052800D033DD /* Products */;
			projectDirPath = "";
			projectRoot = "";
			targets = (
				BB97CB5E1CD9052800D033DD /* Parking Memo */,
			);
		};
/* End PBXProject section */

/* Begin PBXResourcesBuildPhase section */
		BB97CB5D1CD9052800D033DD /* Resources */ = {
			isa = PBXResourcesBuildPhase;
			buildActionMask = 2147483647;
			files = (
				BB97CB6D1CD9052800D033DD /* LaunchScreen.storyboard in Resources */,
				BB97CB6A1CD9052800D033DD /* Assets.xcassets in Resources */,
				BB97CB681CD9052800D033DD /* Main.storyboard in Resources */,
			);
			runOnlyForDeploymentPostprocessing = 0;
		};
/* End PBXResourcesBuildPhase section */

/* Begin PBXSourcesBuildPhase section */
		BB97CB5B1CD9052800D033DD /* Sources */ = {
			isa = PBXSourcesBuildPhase;
			buildActionMask = 2147483647;
			files = (
				BB97CB651CD9052800D033DD /* ViewController.swift in Sources */,
				BB97CB631CD9052800D033DD /* AppDelegate.swift in Sources */,
				BB35B3591CDDF208003E6011 /* DeveloperViewViewController.swift in Sources */,
			);
			runOnlyForDeploymentPostprocessing = 0;
		};
/* End PBXSourcesBuildPhase section */

/* Begin PBXVariantGroup section */
		BB97CB661CD9052800D033DD /* Main.storyboard */ = {
			isa = PBXVariantGroup;
			children = (
				BB97CB671CD9052800D033DD /* Base */,
			);
			name = Main.storyboard;
			sourceTree = "<group>";
		};
		BB97CB6B1CD9052800D033DD /* LaunchScreen.storyboard */ = {
			isa = PBXVariantGroup;
			children = (
				BB97CB6C1CD9052800D033DD /* Base */,
			);
			name = LaunchScreen.storyboard;
			sourceTree = "<group>";
		};
/* End PBXVariantGroup section */

/* Begin XCBuildConfiguration section */
		BB97CB6F1CD9052800D033DD /* Debug */ = {
			isa = XCBuildConfiguration;
			buildSettings = {
				ALWAYS_SEARCH_USER_PATHS = NO;
				CLANG_ANALYZER_NONNULL = YES;
				CLANG_CXX_LANGUAGE_STANDARD = "gnu++0x";
				CLANG_CXX_LIBRARY = "libc++";
				CLANG_ENABLE_MODULES = YES;
				CLANG_ENABLE_OBJC_ARC = YES;
				CLANG_WARN_BOOL_CONVERSION = YES;
				CLANG_WARN_CONSTANT_CONVERSION = YES;
				CLANG_WARN_DIRECT_OBJC_ISA_USAGE = YES_ERROR;
				CLANG_WARN_EMPTY_BODY = YES;
				CLANG_WARN_ENUM_CONVERSION = YES;
				CLANG_WARN_INT_CONVERSION = YES;
				CLANG_WARN_OBJC_ROOT_CLASS = YES_ERROR;
				CLANG_WARN_UNREACHABLE_CODE = YES;
				CLANG_WARN__DUPLICATE_METHOD_MATCH = YES;
				"CODE_SIGN_IDENTITY[sdk=iphoneos*]" = "iPhone Developer";
				COPY_PHASE_STRIP = NO;
				DEBUG_INFORMATION_FORMAT = dwarf;
				ENABLE_STRICT_OBJC_MSGSEND = YES;
				ENABLE_TESTABILITY = YES;
				GCC_C_LANGUAGE_STANDARD = gnu99;
				GCC_DYNAMIC_NO_PIC = NO;
				GCC_NO_COMMON_BLOCKS = YES;
				GCC_OPTIMIZATION_LEVEL = 0;
				GCC_PREPROCESSOR_DEFINITIONS = (
					"DEBUG=1",
					"$(inherited)",
				);
				GCC_WARN_64_TO_32_BIT_CONVERSION = YES;
				GCC_WARN_ABOUT_RETURN_TYPE = YES_ERROR;
				GCC_WARN_UNDECLARED_SELECTOR = YES;
				GCC_WARN_UNINITIALIZED_AUTOS = YES_AGGRESSIVE;
				GCC_WARN_UNUSED_FUNCTION = YES;
				GCC_WARN_UNUSED_VARIABLE = YES;
				IPHONEOS_DEPLOYMENT_TARGET = 9.3;
				MTL_ENABLE_DEBUG_INFO = YES;
				ONLY_ACTIVE_ARCH = YES;
				SDKROOT = iphoneos;
				SWIFT_OPTIMIZATION_LEVEL = "-Onone";
				TARGETED_DEVICE_FAMILY = "1,2";
			};
			name = Debug;
		};
		BB97CB701CD9052800D033DD /* Release */ = {
			isa = XCBuildConfiguration;
			buildSettings = {
				ALWAYS_SEARCH_USER_PATHS = NO;
				CLANG_ANALYZER_NONNULL = YES;
				CLANG_CXX_LANGUAGE_STANDARD = "gnu++0x";
				CLANG_CXX_LIBRARY = "libc++";
				CLANG_ENABLE_MODULES = YES;
				CLANG_ENABLE_OBJC_ARC = YES;
				CLANG_WARN_BOOL_CONVERSION = YES;
				CLANG_WARN_CONSTANT_CONVERSION = YES;
				CLANG_WARN_DIRECT_OBJC_ISA_USAGE = YES_ERROR;
				CLANG_WARN_EMPTY_BODY = YES;
				CLANG_WARN_ENUM_CONVERSION = YES;
				CLANG_WARN_INT_CONVERSION = YES;
				CLANG_WARN_OBJC_ROOT_CLASS = YES_ERROR;
				CLANG_WARN_UNREACHABLE_CODE = YES;
				CLANG_WARN__DUPLICATE_METHOD_MATCH = YES;
				"CODE_SIGN_IDENTITY[sdk=iphoneos*]" = "iPhone Developer";
				COPY_PHASE_STRIP = NO;
				DEBUG_INFORMATION_FORMAT = "dwarf-with-dsym";
				ENABLE_NS_ASSERTIONS = NO;
				ENABLE_STRICT_OBJC_MSGSEND = YES;
				GCC_C_LANGUAGE_STANDARD = gnu99;
				GCC_NO_COMMON_BLOCKS = YES;
				GCC_WARN_64_TO_32_BIT_CONVERSION = YES;
				GCC_WARN_ABOUT_RETURN_TYPE = YES_ERROR;
				GCC_WARN_UNDECLARED_SELECTOR = YES;
				GCC_WARN_UNINITIALIZED_AUTOS = YES_AGGRESSIVE;
				GCC_WARN_UNUSED_FUNCTION = YES;
				GCC_WARN_UNUSED_VARIABLE = YES;
				IPHONEOS_DEPLOYMENT_TARGET = 9.3;
				MTL_ENABLE_DEBUG_INFO = NO;
				SDKROOT = iphoneos;
				TARGETED_DEVICE_FAMILY = "1,2";
				VALIDATE_PRODUCT = YES;
			};
			name = Release;
		};
		BB97CB721CD9052800D033DD /* Debug */ = {
			isa = XCBuildConfiguration;
			buildSettings = {
				ASSETCATALOG_COMPILER_APPICON_NAME = AppIcon;
				INFOPLIST_FILE = "Parking Memo/Info.plist";
				IPHONEOS_DEPLOYMENT_TARGET = 9.0;
				LD_RUNPATH_SEARCH_PATHS = "$(inherited) @executable_path/Frameworks";
				PRODUCT_BUNDLE_IDENTIFIER = "me.alessiomoretti.Parking-Memo";
				PRODUCT_NAME = "$(TARGET_NAME)";
			};
			name = Debug;
		};
		BB97CB731CD9052800D033DD /* Release */ = {
			isa = XCBuildConfiguration;
			buildSettings = {
				ASSETCATALOG_COMPILER_APPICON_NAME = AppIcon;
				INFOPLIST_FILE = "Parking Memo/Info.plist";
				IPHONEOS_DEPLOYMENT_TARGET = 9.0;
				LD_RUNPATH_SEARCH_PATHS = "$(inherited) @executable_path/Frameworks";
				PRODUCT_BUNDLE_IDENTIFIER = "me.alessiomoretti.Parking-Memo";
				PRODUCT_NAME = "$(TARGET_NAME)";
			};
			name = Release;
		};
/* End XCBuildConfiguration section */

/* Begin XCConfigurationList section */
		BB97CB5A1CD9052800D033DD /* Build configuration list for PBXProject "Parking Memo" */ = {
			isa = XCConfigurationList;
			buildConfigurations = (
				BB97CB6F1CD9052800D033DD /* Debug */,
				BB97CB701CD9052800D033DD /* Release */,
			);
			defaultConfigurationIsVisible = 0;
			defaultConfigurationName = Release;
		};
		BB97CB711CD9052800D033DD /* Build configuration list for PBXNativeTarget "Parking Memo" */ = {
			isa = XCConfigurationList;
			buildConfigurations = (
				BB97CB721CD9052800D033DD /* Debug */,
				BB97CB731CD9052800D033DD /* Release */,
			);
			defaultConfigurationIsVisible = 0;
			defaultConfigurationName = Release;
		};
/* End XCConfigurationList section */
	};
	rootObject = BB97CB571CD9052800D033DD /* Project object */;
}
